
Microsoft Visual Studio Solution File, Format Version 12.00
# Visual Studio Version 17
VisualStudioVersion = 17.7.34221.43
MinimumVisualStudioVersion = 10.0.40219.1
Project("{FAE04EC0-301F-11D3-BF4B-00C04F79EFBC}") = "Assignment2", "Assignment2\Assignment2.csproj", "{BDC715C5-185E-4985-8002-F1FB7177C987}"
EndProject
Global
	GlobalSection(SolutionConfigurationPlatforms) = preSolution
		Debug|Any CPU = Debug|Any CPU
		Release|Any CPU = Release|Any CPU
	EndGlobalSection
	GlobalSection(ProjectConfigurationPlatforms) = postSolution
		{BDC715C5-185E-4985-8002-F1FB7177C987}.Debug|Any CPU.ActiveCfg = Debug|Any CPU
		{BDC715C5-185E-4985-8002-F1FB7177C987}.Debug|Any CPU.Build.0 = Debug|Any CPU
		{BDC715C5-185E-4985-8002-F1FB7177C987}.Release|Any CPU.ActiveCfg = Release|Any CPU
		{BDC715C5-185E-4985-8002-F1FB7177C987}.Release|Any CPU.Build.0 = Release|Any CPU
	EndGlobalSection
	GlobalSection(SolutionProperties) = preSolution
		HideSolutionNode = FALSE
	EndGlobalSection
	GlobalSection(ExtensibilityGlobals) = postSolution
		SolutionGuid = {15D5EA7B-E8FE-4C93-817F-C3445BE28FF4}
	EndGlobalSection
EndGlobal
